{
  "name": "start_project",
  "version": "0.0.1",
  "lockfileVersion": 1,
  "requires": true,
  "dependencies": {
    "grunt-express-server": {
      "version": "0.5.3",
      "resolved": "https://registry.npmjs.org/grunt-express-server/-/grunt-express-server-0.5.3.tgz",
      "integrity": "sha1-gjbP0W5bWhQ5NGT/+CoMVxN7dLg=",
      "dev": true
    }
  }
}
